
Microsoft Visual Studio Solution File, Format Version 12.00
# Visual Studio Version 16
VisualStudioVersion = 16.0.29521.150
MinimumVisualStudioVersion = 10.0.40219.1
Project("{FAE04EC0-301F-11D3-BF4B-00C04F79EFBC}") = "BlazorWASAM-Multi-Column.Server", "Server\BlazorWASAM-Multi-Column.Server.csproj", "{2C4F8372-3B60-4A84-B0B7-9CB3EA2318E3}"
EndProject
Project("{FAE04EC0-301F-11D3-BF4B-00C04F79EFBC}") = "BlazorWASAM-Multi-Column.Client", "Client\BlazorWASAM-Multi-Column.Client.csproj", "{4E092DBA-07AA-4DD6-97E4-54AC54888C91}"
EndProject
Project("{FAE04EC0-301F-11D3-BF4B-00C04F79EFBC}") = "BlazorWASAM-Multi-Column.Shared", "Shared\BlazorWASAM-Multi-Column.Shared.csproj", "{94E990F3-62C6-429B-9B9D-30F5E703DD32}"
EndProject
Global
	GlobalSection(SolutionConfigurationPlatforms) = preSolution
		Debug|Any CPU = Debug|Any CPU
		Release|Any CPU = Release|Any CPU
	EndGlobalSection
	GlobalSection(ProjectConfigurationPlatforms) = postSolution
		{2C4F8372-3B60-4A84-B0B7-9CB3EA2318E3}.Debug|Any CPU.ActiveCfg = Debug|Any CPU
		{2C4F8372-3B60-4A84-B0B7-9CB3EA2318E3}.Debug|Any CPU.Build.0 = Debug|Any CPU
		{2C4F8372-3B60-4A84-B0B7-9CB3EA2318E3}.Release|Any CPU.ActiveCfg = Release|Any CPU
		{2C4F8372-3B60-4A84-B0B7-9CB3EA2318E3}.Release|Any CPU.Build.0 = Release|Any CPU
		{4E092DBA-07AA-4DD6-97E4-54AC54888C91}.Debug|Any CPU.ActiveCfg = Debug|Any CPU
		{4E092DBA-07AA-4DD6-97E4-54AC54888C91}.Debug|Any CPU.Build.0 = Debug|Any CPU
		{4E092DBA-07AA-4DD6-97E4-54AC54888C91}.Release|Any CPU.ActiveCfg = Release|Any CPU
		{4E092DBA-07AA-4DD6-97E4-54AC54888C91}.Release|Any CPU.Build.0 = Release|Any CPU
		{94E990F3-62C6-429B-9B9D-30F5E703DD32}.Debug|Any CPU.ActiveCfg = Debug|Any CPU
		{94E990F3-62C6-429B-9B9D-30F5E703DD32}.Debug|Any CPU.Build.0 = Debug|Any CPU
		{94E990F3-62C6-429B-9B9D-30F5E703DD32}.Release|Any CPU.ActiveCfg = Release|Any CPU
		{94E990F3-62C6-429B-9B9D-30F5E703DD32}.Release|Any CPU.Build.0 = Release|Any CPU
	EndGlobalSection
	GlobalSection(SolutionProperties) = preSolution
		HideSolutionNode = FALSE
	EndGlobalSection
	GlobalSection(ExtensibilityGlobals) = postSolution
		SolutionGuid = {3C12A0A7-A4CC-4D5A-9116-0A66496EF811}
	EndGlobalSection
EndGlobal
